
Microsoft Visual Studio Solution File, Format Version 11.00
# Visual Studio 2010
Project("{FAE04EC0-301F-11D3-BF4B-00C04F79EFBC}") = "EvaluationSystem", "EvaluationSystem\EvaluationSystem.csproj", "{37F31FE9-DB52-40E1-818E-26303DF05D98}"
EndProject
Global
	GlobalSection(SolutionConfigurationPlatforms) = preSolution
		Debug|x86 = Debug|x86
		Release|x86 = Release|x86
	EndGlobalSection
	GlobalSection(ProjectConfigurationPlatforms) = postSolution
		{37F31FE9-DB52-40E1-818E-26303DF05D98}.Debug|x86.ActiveCfg = Debug|x86
		{37F31FE9-DB52-40E1-818E-26303DF05D98}.Debug|x86.Build.0 = Debug|x86
		{37F31FE9-DB52-40E1-818E-26303DF05D98}.Release|x86.ActiveCfg = Release|x86
		{37F31FE9-DB52-40E1-818E-26303DF05D98}.Release|x86.Build.0 = Release|x86
	EndGlobalSection
	GlobalSection(SolutionProperties) = preSolution
		HideSolutionNode = FALSE
	EndGlobalSection
EndGlobal
